
Microsoft Visual Studio Solution File, Format Version 11.00
# Visual Studio 2010
Project("{FAE04EC0-301F-11D3-BF4B-00C04F79EFBC}") = "SES.CMS", "SES.CMS.csproj", "{D81728E2-78D1-42BD-A4EA-E44F449316F8}"
EndProject
Project("{FAE04EC0-301F-11D3-BF4B-00C04F79EFBC}") = "SES.CMS.DO", "..\SES.CMS.DO\SES.CMS.DO.csproj", "{E420C6C9-AE7C-452B-ABD3-10DFA0E6B864}"
EndProject
Project("{FAE04EC0-301F-11D3-BF4B-00C04F79EFBC}") = "SES.CMS.DAL", "..\SES.CMS.DAL\SES.CMS.DAL.csproj", "{67F82FE0-B196-40D8-957B-E4CC21CC63B6}"
EndProject
Project("{FAE04EC0-301F-11D3-BF4B-00C04F79EFBC}") = "SES.CMS.BL", "..\SES.CMS.BL\SES.CMS.BL.csproj", "{D2F9A96A-1FCC-4876-9E88-6C325317C408}"
EndProject
Global
	GlobalSection(SolutionConfigurationPlatforms) = preSolution
		Debug|Any CPU = Debug|Any CPU
		Release|Any CPU = Release|Any CPU
	EndGlobalSection
	GlobalSection(ProjectConfigurationPlatforms) = postSolution
		{D81728E2-78D1-42BD-A4EA-E44F449316F8}.Debug|Any CPU.ActiveCfg = Debug|Any CPU
		{D81728E2-78D1-42BD-A4EA-E44F449316F8}.Debug|Any CPU.Build.0 = Debug|Any CPU
		{D81728E2-78D1-42BD-A4EA-E44F449316F8}.Release|Any CPU.ActiveCfg = Release|Any CPU
		{D81728E2-78D1-42BD-A4EA-E44F449316F8}.Release|Any CPU.Build.0 = Release|Any CPU
		{E420C6C9-AE7C-452B-ABD3-10DFA0E6B864}.Debug|Any CPU.ActiveCfg = Debug|Any CPU
		{E420C6C9-AE7C-452B-ABD3-10DFA0E6B864}.Debug|Any CPU.Build.0 = Debug|Any CPU
		{E420C6C9-AE7C-452B-ABD3-10DFA0E6B864}.Release|Any CPU.ActiveCfg = Release|Any CPU
		{E420C6C9-AE7C-452B-ABD3-10DFA0E6B864}.Release|Any CPU.Build.0 = Release|Any CPU
		{67F82FE0-B196-40D8-957B-E4CC21CC63B6}.Debug|Any CPU.ActiveCfg = Debug|Any CPU
		{67F82FE0-B196-40D8-957B-E4CC21CC63B6}.Debug|Any CPU.Build.0 = Debug|Any CPU
		{67F82FE0-B196-40D8-957B-E4CC21CC63B6}.Release|Any CPU.ActiveCfg = Release|Any CPU
		{67F82FE0-B196-40D8-957B-E4CC21CC63B6}.Release|Any CPU.Build.0 = Release|Any CPU
		{D2F9A96A-1FCC-4876-9E88-6C325317C408}.Debug|Any CPU.ActiveCfg = Debug|Any CPU
		{D2F9A96A-1FCC-4876-9E88-6C325317C408}.Debug|Any CPU.Build.0 = Debug|Any CPU
		{D2F9A96A-1FCC-4876-9E88-6C325317C408}.Release|Any CPU.ActiveCfg = Release|Any CPU
		{D2F9A96A-1FCC-4876-9E88-6C325317C408}.Release|Any CPU.Build.0 = Release|Any CPU
	EndGlobalSection
	GlobalSection(SolutionProperties) = preSolution
		HideSolutionNode = FALSE
	EndGlobalSection
EndGlobal
